
Microsoft Visual Studio Solution File, Format Version 12.00
# Visual Studio 15
VisualStudioVersion = 15.0.28307.645
MinimumVisualStudioVersion = 10.0.40219.1
Project("{FAE04EC0-301F-11D3-BF4B-00C04F79EFBC}") = "KothosOverlay", "KothosOverlay\KothosOverlay.csproj", "{C4EC17F9-A155-4A21-BAD5-E8AB0C8C8A57}"
EndProject
Project("{FAE04EC0-301F-11D3-BF4B-00C04F79EFBC}") = "KothosOverlay.ConsoleTest", "KothosOverlay.ConsoleTest\KothosOverlay.ConsoleTest.csproj", "{CE5F00CB-FAFC-44E4-9571-E170E5782EC0}"
EndProject
Global
	GlobalSection(SolutionConfigurationPlatforms) = preSolution
		Debug|Any CPU = Debug|Any CPU
		Release|Any CPU = Release|Any CPU
	EndGlobalSection
	GlobalSection(ProjectConfigurationPlatforms) = postSolution
		{C4EC17F9-A155-4A21-BAD5-E8AB0C8C8A57}.Debug|Any CPU.ActiveCfg = Debug|Any CPU
		{C4EC17F9-A155-4A21-BAD5-E8AB0C8C8A57}.Debug|Any CPU.Build.0 = Debug|Any CPU
		{C4EC17F9-A155-4A21-BAD5-E8AB0C8C8A57}.Release|Any CPU.ActiveCfg = Release|Any CPU
		{C4EC17F9-A155-4A21-BAD5-E8AB0C8C8A57}.Release|Any CPU.Build.0 = Release|Any CPU
		{CE5F00CB-FAFC-44E4-9571-E170E5782EC0}.Debug|Any CPU.ActiveCfg = Debug|Any CPU
		{CE5F00CB-FAFC-44E4-9571-E170E5782EC0}.Debug|Any CPU.Build.0 = Debug|Any CPU
		{CE5F00CB-FAFC-44E4-9571-E170E5782EC0}.Release|Any CPU.ActiveCfg = Release|Any CPU
		{CE5F00CB-FAFC-44E4-9571-E170E5782EC0}.Release|Any CPU.Build.0 = Release|Any CPU
	EndGlobalSection
	GlobalSection(SolutionProperties) = preSolution
		HideSolutionNode = FALSE
	EndGlobalSection
	GlobalSection(ExtensibilityGlobals) = postSolution
		SolutionGuid = {23770CF3-A3A2-4C44-B722-568E7F316523}
	EndGlobalSection
EndGlobal
